
Microsoft Visual Studio Solution File, Format Version 12.00
# Visual Studio Version 16
VisualStudioVersion = 16.0.31624.102
MinimumVisualStudioVersion = 10.0.40219.1
Project("{FAE04EC0-301F-11D3-BF4B-00C04F79EFBC}") = "teams-logger", "teams-logger\teams-logger.csproj", "{957F4FAD-A8FA-48C7-A52E-19D3DBEBE469}"
EndProject
Global
	GlobalSection(SolutionConfigurationPlatforms) = preSolution
		Debug|Any CPU = Debug|Any CPU
		Release|Any CPU = Release|Any CPU
	EndGlobalSection
	GlobalSection(ProjectConfigurationPlatforms) = postSolution
		{957F4FAD-A8FA-48C7-A52E-19D3DBEBE469}.Debug|Any CPU.ActiveCfg = Debug|Any CPU
		{957F4FAD-A8FA-48C7-A52E-19D3DBEBE469}.Debug|Any CPU.Build.0 = Debug|Any CPU
		{957F4FAD-A8FA-48C7-A52E-19D3DBEBE469}.Release|Any CPU.ActiveCfg = Release|Any CPU
		{957F4FAD-A8FA-48C7-A52E-19D3DBEBE469}.Release|Any CPU.Build.0 = Release|Any CPU
	EndGlobalSection
	GlobalSection(SolutionProperties) = preSolution
		HideSolutionNode = FALSE
	EndGlobalSection
	GlobalSection(ExtensibilityGlobals) = postSolution
		SolutionGuid = {F19BA5E9-AF80-4CD1-AFFD-C3B642BD30FA}
	EndGlobalSection
EndGlobal
